// !$*UTF8*$!
{
	archiveVersion = 1;
	classes = {
	};
	objectVersion = 46;
	objects = {

/* Begin PBXBuildFile section */
		C118A7A71B64C10900DC8732 /* AppDelegate.swift in Sources */ = {isa = PBXBuildFile; fileRef = C118A7A61B64C10900DC8732 /* AppDelegate.swift */; };
		C118A7A91B64C10900DC8732 /* ViewController.swift in Sources */ = {isa = PBXBuildFile; fileRef = C118A7A81B64C10900DC8732 /* ViewController.swift */; };
		C118A7AC1B64C10900DC8732 /* Main.storyboard in Resources */ = {isa = PBXBuildFile; fileRef = C118A7AA1B64C10900DC8732 /* Main.storyboard */; };
		C118A7AE1B64C10900DC8732 /* Images.xcassets in Resources */ = {isa = PBXBuildFile; fileRef = C118A7AD1B64C10900DC8732 /* Images.xcassets */; };
		C118A7B11B64C10900DC8732 /* LaunchScreen.xib in Resources */ = {isa = PBXBuildFile; fileRef = C118A7AF1B64C10900DC8732 /* LaunchScreen.xib */; };
		C118A7BD1B64C10900DC8732 /* RockPaperScissorsTests.swift in Sources */ = {isa = PBXBuildFile; fileRef = C118A7BC1B64C10900DC8732 /* RockPaperScissorsTests.swift */; };
		C118A7D01B64C13500DC8732 /* InterfaceController.swift in Sources */ = {isa = PBXBuildFile; fileRef = C118A7CF1B64C13500DC8732 /* InterfaceController.swift */; };
		C118A7D21B64C13500DC8732 /* NotificationController.swift in Sources */ = {isa = PBXBuildFile; fileRef = C118A7D11B64C13500DC8732 /* NotificationController.swift */; };
		C118A7D41B64C13500DC8732 /* Images.xcassets in Resources */ = {isa = PBXBuildFile; fileRef = C118A7D31B64C13500DC8732 /* Images.xcassets */; };
		C118A7D81B64C13500DC8732 /* RockPaperScissors WatchKit App.app in Resources */ = {isa = PBXBuildFile; fileRef = C118A7D71B64C13500DC8732 /* RockPaperScissors WatchKit App.app */; };
		C118A7E01B64C13500DC8732 /* Interface.storyboard in Resources */ = {isa = PBXBuildFile; fileRef = C118A7DE1B64C13500DC8732 /* Interface.storyboard */; };
		C118A7E21B64C13500DC8732 /* Images.xcassets in Resources */ = {isa = PBXBuildFile; fileRef = C118A7E11B64C13500DC8732 /* Images.xcassets */; };
		C118A7E51B64C13500DC8732 /* RockPaperScissors WatchKit Extension.appex in Embed App Extensions */ = {isa = PBXBuildFile; fileRef = C118A7CA1B64C13500DC8732 /* RockPaperScissors WatchKit Extension.appex */; settings = {ATTRIBUTES = (RemoveHeadersOnCopy, ); }; };
		C1D3DF631B64D344006BFFBC /* GameStatController.swift in Sources */ = {isa = PBXBuildFile; fileRef = C1D3DF621B64D344006BFFBC /* GameStatController.swift */; };
/* End PBXBuildFile section */

/* Begin PBXContainerItemProxy section */
		C118A7B71B64C10900DC8732 /* PBXContainerItemProxy */ = {
			isa = PBXContainerItemProxy;
			containerPortal = C118A7991B64C10900DC8732 /* Project object */;
			proxyType = 1;
			remoteGlobalIDString = C118A7A01B64C10900DC8732;
			remoteInfo = RockPaperScissors;
		};
		C118A7D91B64C13500DC8732 /* PBXContainerItemProxy */ = {
			isa = PBXContainerItemProxy;
			containerPortal = C118A7991B64C10900DC8732 /* Project object */;
			proxyType = 1;
			remoteGlobalIDString = C118A7D61B64C13500DC8732;
			remoteInfo = "RockPaperScissors WatchKit App";
		};
		C118A7E31B64C13500DC8732 /* PBXContainerItemProxy */ = {
			isa = PBXContainerItemProxy;
			containerPortal = C118A7991B64C10900DC8732 /* Project object */;
			proxyType = 1;
			remoteGlobalIDString = C118A7C91B64C13500DC8732;
			remoteInfo = "RockPaperScissors WatchKit Extension";
		};
/* End PBXContainerItemProxy section */

/* Begin PBXCopyFilesBuildPhase section */
		C118A7EC1B64C13500DC8732 /* Embed App Extensions */ = {
			isa = PBXCopyFilesBuildPhase;
			buildActionMask = 2147483647;
			dstPath = "";
			dstSubfolderSpec = 13;
			files = (
				C118A7E51B64C13500DC8732 /* RockPaperScissors WatchKit Extension.appex in Embed App Extensions */,
			);
			name = "Embed App Extensions";
			runOnlyForDeploymentPostprocessing = 0;
		};
/* End PBXCopyFilesBuildPhase section */

/* Begin PBXFileReference section */
		C118A7A11B64C10900DC8732 /* RockPaperScissors.app */ = {isa = PBXFileReference; explicitFileType = wrapper.application; includeInIndex = 0; path = RockPaperScissors.app; sourceTree = BUILT_PRODUCTS_DIR; };
		C118A7A51B64C10900DC8732 /* Info.plist */ = {isa = PBXFileReference; lastKnownFileType = text.plist.xml; path = Info.plist; sourceTree = "<group>"; };
		C118A7A61B64C10900DC8732 /* AppDelegate.swift */ = {isa = PBXFileReference; lastKnownFileType = sourcecode.swift; path = AppDelegate.swift; sourceTree = "<group>"; };
		C118A7A81B64C10900DC8732 /* ViewController.swift */ = {isa = PBXFileReference; lastKnownFileType = sourcecode.swift; path = ViewController.swift; sourceTree = "<group>"; };
		C118A7AB1B64C10900DC8732 /* Base */ = {isa = PBXFileReference; lastKnownFileType = file.storyboard; name = Base; path = Base.lproj/Main.storyboard; sourceTree = "<group>"; };
		C118A7AD1B64C10900DC8732 /* Images.xcassets */ = {isa = PBXFileReference; lastKnownFileType = folder.assetcatalog; path = Images.xcassets; sourceTree = "<group>"; };
		C118A7B01B64C10900DC8732 /* Base */ = {isa = PBXFileReference; lastKnownFileType = file.xib; name = Base; path = Base.lproj/LaunchScreen.xib; sourceTree = "<group>"; };
		C118A7B61B64C10900DC8732 /* RockPaperScissorsTests.xctest */ = {isa = PBXFileReference; explicitFileType = wrapper.cfbundle; includeInIndex = 0; path = RockPaperScissorsTests.xctest; sourceTree = BUILT_PRODUCTS_DIR; };
		C118A7BB1B64C10900DC8732 /* Info.plist */ = {isa = PBXFileReference; lastKnownFileType = text.plist.xml; path = Info.plist; sourceTree = "<group>"; };
		C118A7BC1B64C10900DC8732 /* RockPaperScissorsTests.swift */ = {isa = PBXFileReference; lastKnownFileType = sourcecode.swift; path = RockPaperScissorsTests.swift; sourceTree = "<group>"; };
		C118A7CA1B64C13500DC8732 /* RockPaperScissors WatchKit Extension.appex */ = {isa = PBXFileReference; explicitFileType = "wrapper.app-extension"; includeInIndex = 0; path = "RockPaperScissors WatchKit Extension.appex"; sourceTree = BUILT_PRODUCTS_DIR; };
		C118A7CD1B64C13500DC8732 /* Info.plist */ = {isa = PBXFileReference; lastKnownFileType = text.plist.xml; path = Info.plist; sourceTree = "<group>"; };
		C118A7CE1B64C13500DC8732 /* PushNotificationPayload.apns */ = {isa = PBXFileReference; lastKnownFileType = text; path = PushNotificationPayload.apns; sourceTree = "<group>"; };
		C118A7CF1B64C13500DC8732 /* InterfaceController.swift */ = {isa = PBXFileReference; lastKnownFileType = sourcecode.swift; path = InterfaceController.swift; sourceTree = "<group>"; };
		C118A7D11B64C13500DC8732 /* NotificationController.swift */ = {isa = PBXFileReference; lastKnownFileType = sourcecode.swift; path = NotificationController.swift; sourceTree = "<group>"; };
		C118A7D31B64C13500DC8732 /* Images.xcassets */ = {isa = PBXFileReference; lastKnownFileType = folder.assetcatalog; path = Images.xcassets; sourceTree = "<group>"; };
		C118A7D71B64C13500DC8732 /* RockPaperScissors WatchKit App.app */ = {isa = PBXFileReference; explicitFileType = wrapper.application; includeInIndex = 0; path = "RockPaperScissors WatchKit App.app"; sourceTree = BUILT_PRODUCTS_DIR; };
		C118A7DD1B64C13500DC8732 /* Info.plist */ = {isa = PBXFileReference; lastKnownFileType = text.plist.xml; path = Info.plist; sourceTree = "<group>"; };
		C118A7DF1B64C13500DC8732 /* Base */ = {isa = PBXFileReference; lastKnownFileType = file.storyboard; name = Base; path = Base.lproj/Interface.storyboard; sourceTree = "<group>"; };
		C118A7E11B64C13500DC8732 /* Images.xcassets */ = {isa = PBXFileReference; lastKnownFileType = folder.assetcatalog; path = Images.xcassets; sourceTree = "<group>"; };
		C1D3DF601B64CF1F006BFFBC /* RockPaperScissors.entitlements */ = {isa = PBXFileReference; lastKnownFileType = text.xml; path = RockPaperScissors.entitlements; sourceTree = "<group>"; };
		C1D3DF611B64CF9A006BFFBC /* RockPaperScissors WatchKit Extension.entitlements */ = {isa = PBXFileReference; lastKnownFileType = text.xml; path = "RockPaperScissors WatchKit Extension.entitlements"; sourceTree = "<group>"; };
		C1D3DF621B64D344006BFFBC /* GameStatController.swift */ = {isa = PBXFileReference; fileEncoding = 4; lastKnownFileType = sourcecode.swift; path = GameStatController.swift; sourceTree = "<group>"; };
/* End PBXFileReference section */

/* Begin PBXFrameworksBuildPhase section */
		C118A79E1B64C10900DC8732 /* Frameworks */ = {
			isa = PBXFrameworksBuildPhase;
			buildActionMask = 2147483647;
			files = (
			);
			runOnlyForDeploymentPostprocessing = 0;
		};
		C118A7B31B64C10900DC8732 /* Frameworks */ = {
			isa = PBXFrameworksBuildPhase;
			buildActionMask = 2147483647;
			files = (
			);
			runOnlyForDeploymentPostprocessing = 0;
		};
		C118A7C71B64C13500DC8732 /* Frameworks */ = {
			isa = PBXFrameworksBuildPhase;
			buildActionMask = 2147483647;
			files = (
			);
			runOnlyForDeploymentPostprocessing = 0;
		};
/* End PBXFrameworksBuildPhase section */

/* Begin PBXGroup section */
		C118A7981B64C10900DC8732 = {
			isa = PBXGroup;
			children = (
				C118A7A31B64C10900DC8732 /* RockPaperScissors */,
				C118A7B91B64C10900DC8732 /* RockPaperScissorsTests */,
				C118A7CB1B64C13500DC8732 /* RockPaperScissors WatchKit Extension */,
				C118A7DB1B64C13500DC8732 /* RockPaperScissors WatchKit App */,
				C118A7A21B64C10900DC8732 /* Products */,
			);
			sourceTree = "<group>";
		};
		C118A7A21B64C10900DC8732 /* Products */ = {
			isa = PBXGroup;
			children = (
				C118A7A11B64C10900DC8732 /* RockPaperScissors.app */,
				C118A7B61B64C10900DC8732 /* RockPaperScissorsTests.xctest */,
				C118A7CA1B64C13500DC8732 /* RockPaperScissors WatchKit Extension.appex */,
				C118A7D71B64C13500DC8732 /* RockPaperScissors WatchKit App.app */,
			);
			name = Products;
			sourceTree = "<group>";
		};
		C118A7A31B64C10900DC8732 /* RockPaperScissors */ = {
			isa = PBXGroup;
			children = (
				C1D3DF601B64CF1F006BFFBC /* RockPaperScissors.entitlements */,
				C118A7A61B64C10900DC8732 /* AppDelegate.swift */,
				C118A7A81B64C10900DC8732 /* ViewController.swift */,
				C118A7AA1B64C10900DC8732 /* Main.storyboard */,
				C118A7AD1B64C10900DC8732 /* Images.xcassets */,
				C118A7AF1B64C10900DC8732 /* LaunchScreen.xib */,
				C118A7A41B64C10900DC8732 /* Supporting Files */,
			);
			path = RockPaperScissors;
			sourceTree = "<group>";
		};
		C118A7A41B64C10900DC8732 /* Supporting Files */ = {
			isa = PBXGroup;
			children = (
				C118A7A51B64C10900DC8732 /* Info.plist */,
			);
			name = "Supporting Files";
			sourceTree = "<group>";
		};
		C118A7B91B64C10900DC8732 /* RockPaperScissorsTests */ = {
			isa = PBXGroup;
			children = (
				C118A7BC1B64C10900DC8732 /* RockPaperScissorsTests.swift */,
				C118A7BA1B64C10900DC8732 /* Supporting Files */,
			);
			path = RockPaperScissorsTests;
			sourceTree = "<group>";
		};
		C118A7BA1B64C10900DC8732 /* Supporting Files */ = {
			isa = PBXGroup;
			children = (
				C118A7BB1B64C10900DC8732 /* Info.plist */,
			);
			name = "Supporting Files";
			sourceTree = "<group>";
		};
		C118A7CB1B64C13500DC8732 /* RockPaperScissors WatchKit Extension */ = {
			isa = PBXGroup;
			children = (
				C1D3DF611B64CF9A006BFFBC /* RockPaperScissors WatchKit Extension.entitlements */,
				C118A7CF1B64C13500DC8732 /* InterfaceController.swift */,
				C1D3DF621B64D344006BFFBC /* GameStatController.swift */,
				C118A7D11B64C13500DC8732 /* NotificationController.swift */,
				C118A7D31B64C13500DC8732 /* Images.xcassets */,
				C118A7CC1B64C13500DC8732 /* Supporting Files */,
			);
			path = "RockPaperScissors WatchKit Extension";
			sourceTree = "<group>";
		};
		C118A7CC1B64C13500DC8732 /* Supporting Files */ = {
			isa = PBXGroup;
			children = (
				C118A7CD1B64C13500DC8732 /* Info.plist */,
				C118A7CE1B64C13500DC8732 /* PushNotificationPayload.apns */,
			);
			name = "Supporting Files";
			sourceTree = "<group>";
		};
		C118A7DB1B64C13500DC8732 /* RockPaperScissors WatchKit App */ = {
			isa = PBXGroup;
			children = (
				C118A7DE1B64C13500DC8732 /* Interface.storyboard */,
				C118A7E11B64C13500DC8732 /* Images.xcassets */,
				C118A7DC1B64C13500DC8732 /* Supporting Files */,
			);
			path = "RockPaperScissors WatchKit App";
			sourceTree = "<group>";
		};
		C118A7DC1B64C13500DC8732 /* Supporting Files */ = {
			isa = PBXGroup;
			children = (
				C118A7DD1B64C13500DC8732 /* Info.plist */,
			);
			name = "Supporting Files";
			sourceTree = "<group>";
		};
/* End PBXGroup section */

/* Begin PBXNativeTarget section */
		C118A7A01B64C10900DC8732 /* RockPaperScissors */ = {
			isa = PBXNativeTarget;
			buildConfigurationList = C118A7C01B64C10900DC8732 /* Build configuration list for PBXNativeTarget "RockPaperScissors" */;
			buildPhases = (
				C118A79D1B64C10900DC8732 /* Sources */,
				C118A79E1B64C10900DC8732 /* Frameworks */,
				C118A79F1B64C10900DC8732 /* Resources */,
				C118A7EC1B64C13500DC8732 /* Embed App Extensions */,
			);
			buildRules = (
			);
			dependencies = (
				C118A7E41B64C13500DC8732 /* PBXTargetDependency */,
			);
			name = RockPaperScissors;
			productName = RockPaperScissors;
			productReference = C118A7A11B64C10900DC8732 /* RockPaperScissors.app */;
			productType = "com.apple.product-type.application";
		};
		C118A7B51B64C10900DC8732 /* RockPaperScissorsTests */ = {
			isa = PBXNativeTarget;
			buildConfigurationList = C118A7C31B64C10900DC8732 /* Build configuration list for PBXNativeTarget "RockPaperScissorsTests" */;
			buildPhases = (
				C118A7B21B64C10900DC8732 /* Sources */,
				C118A7B31B64C10900DC8732 /* Frameworks */,
				C118A7B41B64C10900DC8732 /* Resources */,
			);
			buildRules = (
			);
			dependencies = (
				C118A7B81B64C10900DC8732 /* PBXTargetDependency */,
			);
			name = RockPaperScissorsTests;
			productName = RockPaperScissorsTests;
			productReference = C118A7B61B64C10900DC8732 /* RockPaperScissorsTests.xctest */;
			productType = "com.apple.product-type.bundle.unit-test";
		};
		C118A7C91B64C13500DC8732 /* RockPaperScissors WatchKit Extension */ = {
			isa = PBXNativeTarget;
			buildConfigurationList = C118A7E91B64C13500DC8732 /* Build configuration list for PBXNativeTarget "RockPaperScissors WatchKit Extension" */;
			buildPhases = (
				C118A7C61B64C13500DC8732 /* Sources */,
				C118A7C71B64C13500DC8732 /* Frameworks */,
				C118A7C81B64C13500DC8732 /* Resources */,
			);
			buildRules = (
			);
			dependencies = (
				C118A7DA1B64C13500DC8732 /* PBXTargetDependency */,
			);
			name = "RockPaperScissors WatchKit Extension";
			productName = "RockPaperScissors WatchKit Extension";
			productReference = C118A7CA1B64C13500DC8732 /* RockPaperScissors WatchKit Extension.appex */;
			productType = "com.apple.product-type.watchkit-extension";
		};
		C118A7D61B64C13500DC8732 /* RockPaperScissors WatchKit App */ = {
			isa = PBXNativeTarget;
			buildConfigurationList = C118A7E61B64C13500DC8732 /* Build configuration list for PBXNativeTarget "RockPaperScissors WatchKit App" */;
			buildPhases = (
				C118A7D51B64C13500DC8732 /* Resources */,
			);
			buildRules = (
			);
			dependencies = (
			);
			name = "RockPaperScissors WatchKit App";
			productName = "RockPaperScissors WatchKit App";
			productReference = C118A7D71B64C13500DC8732 /* RockPaperScissors WatchKit App.app */;
			productType = "com.apple.product-type.application.watchapp";
		};
/* End PBXNativeTarget section */

/* Begin PBXProject section */
		C118A7991B64C10900DC8732 /* Project object */ = {
			isa = PBXProject;
			attributes = {
				LastUpgradeCheck = 0640;
				ORGANIZATIONNAME = "Marta Wozniak";
				TargetAttributes = {
					C118A7A01B64C10900DC8732 = {
						CreatedOnToolsVersion = 6.4;
						DevelopmentTeam = 2B7PA75W9Z;
						SystemCapabilities = {
							com.apple.ApplicationGroups.iOS = {
								enabled = 1;
							};
						};
					};
					C118A7B51B64C10900DC8732 = {
						CreatedOnToolsVersion = 6.4;
						TestTargetID = C118A7A01B64C10900DC8732;
					};
					C118A7C91B64C13500DC8732 = {
						CreatedOnToolsVersion = 6.4;
						DevelopmentTeam = 2B7PA75W9Z;
						SystemCapabilities = {
							com.apple.ApplicationGroups.iOS = {
								enabled = 1;
							};
						};
					};
					C118A7D61B64C13500DC8732 = {
						CreatedOnToolsVersion = 6.4;
						DevelopmentTeam = 2B7PA75W9Z;
					};
				};
			};
			buildConfigurationList = C118A79C1B64C10900DC8732 /* Build configuration list for PBXProject "RockPaperScissors" */;
			compatibilityVersion = "Xcode 3.2";
			developmentRegion = English;
			hasScannedForEncodings = 0;
			knownRegions = (
				en,
				Base,
			);
			mainGroup = C118A7981B64C10900DC8732;
			productRefGroup = C118A7A21B64C10900DC8732 /* Products */;
			projectDirPath = "";
			projectRoot = "";
			targets = (
				C118A7A01B64C10900DC8732 /* RockPaperScissors */,
				C118A7B51B64C10900DC8732 /* RockPaperScissorsTests */,
				C118A7C91B64C13500DC8732 /* RockPaperScissors WatchKit Extension */,
				C118A7D61B64C13500DC8732 /* RockPaperScissors WatchKit App */,
			);
		};
/* End PBXProject section */

/* Begin PBXResourcesBuildPhase section */
		C118A79F1B64C10900DC8732 /* Resources */ = {
			isa = PBXResourcesBuildPhase;
			buildActionMask = 2147483647;
			files = (
				C118A7AC1B64C10900DC8732 /* Main.storyboard in Resources */,
				C118A7B11B64C10900DC8732 /* LaunchScreen.xib in Resources */,
				C118A7AE1B64C10900DC8732 /* Images.xcassets in Resources */,
			);
			runOnlyForDeploymentPostprocessing = 0;
		};
		C118A7B41B64C10900DC8732 /* Resources */ = {
			isa = PBXResourcesBuildPhase;
			buildActionMask = 2147483647;
			files = (
			);
			runOnlyForDeploymentPostprocessing = 0;
		};
		C118A7C81B64C13500DC8732 /* Resources */ = {
			isa = PBXResourcesBuildPhase;
			buildActionMask = 2147483647;
			files = (
				C118A7D41B64C13500DC8732 /* Images.xcassets in Resources */,
				C118A7D81B64C13500DC8732 /* RockPaperScissors WatchKit App.app in Resources */,
			);
			runOnlyForDeploymentPostprocessing = 0;
		};
		C118A7D51B64C13500DC8732 /* Resources */ = {
			isa = PBXResourcesBuildPhase;
			buildActionMask = 2147483647;
			files = (
				C118A7E01B64C13500DC8732 /* Interface.storyboard in Resources */,
				C118A7E21B64C13500DC8732 /* Images.xcassets in Resources */,
			);
			runOnlyForDeploymentPostprocessing = 0;
		};
/* End PBXResourcesBuildPhase section */

/* Begin PBXSourcesBuildPhase section */
		C118A79D1B64C10900DC8732 /* Sources */ = {
			isa = PBXSourcesBuildPhase;
			buildActionMask = 2147483647;
			files = (
				C118A7A91B64C10900DC8732 /* ViewController.swift in Sources */,
				C118A7A71B64C10900DC8732 /* AppDelegate.swift in Sources */,
			);
			runOnlyForDeploymentPostprocessing = 0;
		};
		C118A7B21B64C10900DC8732 /* Sources */ = {
			isa = PBXSourcesBuildPhase;
			buildActionMask = 2147483647;
			files = (
				C118A7BD1B64C10900DC8732 /* RockPaperScissorsTests.swift in Sources */,
			);
			runOnlyForDeploymentPostprocessing = 0;
		};
		C118A7C61B64C13500DC8732 /* Sources */ = {
			isa = PBXSourcesBuildPhase;
			buildActionMask = 2147483647;
			files = (
				C118A7D21B64C13500DC8732 /* NotificationController.swift in Sources */,
				C1D3DF631B64D344006BFFBC /* GameStatController.swift in Sources */,
				C118A7D01B64C13500DC8732 /* InterfaceController.swift in Sources */,
			);
			runOnlyForDeploymentPostprocessing = 0;
		};
/* End PBXSourcesBuildPhase section */

/* Begin PBXTargetDependency section */
		C118A7B81B64C10900DC8732 /* PBXTargetDependency */ = {
			isa = PBXTargetDependency;
			target = C118A7A01B64C10900DC8732 /* RockPaperScissors */;
			targetProxy = C118A7B71B64C10900DC8732 /* PBXContainerItemProxy */;
		};
		C118A7DA1B64C13500DC8732 /* PBXTargetDependency */ = {
			isa = PBXTargetDependency;
			target = C118A7D61B64C13500DC8732 /* RockPaperScissors WatchKit App */;
			targetProxy = C118A7D91B64C13500DC8732 /* PBXContainerItemProxy */;
		};
		C118A7E41B64C13500DC8732 /* PBXTargetDependency */ = {
			isa = PBXTargetDependency;
			target = C118A7C91B64C13500DC8732 /* RockPaperScissors WatchKit Extension */;
			targetProxy = C118A7E31B64C13500DC8732 /* PBXContainerItemProxy */;
		};
/* End PBXTargetDependency section */

/* Begin PBXVariantGroup section */
		C118A7AA1B64C10900DC8732 /* Main.storyboard */ = {
			isa = PBXVariantGroup;
			children = (
				C118A7AB1B64C10900DC8732 /* Base */,
			);
			name = Main.storyboard;
			sourceTree = "<group>";
		};
		C118A7AF1B64C10900DC8732 /* LaunchScreen.xib */ = {
			isa = PBXVariantGroup;
			children = (
				C118A7B01B64C10900DC8732 /* Base */,
			);
			name = LaunchScreen.xib;
			sourceTree = "<group>";
		};
		C118A7DE1B64C13500DC8732 /* Interface.storyboard */ = {
			isa = PBXVariantGroup;
			children = (
				C118A7DF1B64C13500DC8732 /* Base */,
			);
			name = Interface.storyboard;
			sourceTree = "<group>";
		};
/* End PBXVariantGroup section */

/* Begin XCBuildConfiguration section */
		C118A7BE1B64C10900DC8732 /* Debug */ = {
			isa = XCBuildConfiguration;
			buildSettings = {
				ALWAYS_SEARCH_USER_PATHS = NO;
				CLANG_CXX_LANGUAGE_STANDARD = "gnu++0x";
				CLANG_CXX_LIBRARY = "libc++";
				CLANG_ENABLE_MODULES = YES;
				CLANG_ENABLE_OBJC_ARC = YES;
				CLANG_WARN_BOOL_CONVERSION = YES;
				CLANG_WARN_CONSTANT_CONVERSION = YES;
				CLANG_WARN_DIRECT_OBJC_ISA_USAGE = YES_ERROR;
				CLANG_WARN_EMPTY_BODY = YES;
				CLANG_WARN_ENUM_CONVERSION = YES;
				CLANG_WARN_INT_CONVERSION = YES;
				CLANG_WARN_OBJC_ROOT_CLASS = YES_ERROR;
				CLANG_WARN_UNREACHABLE_CODE = YES;
				CLANG_WARN__DUPLICATE_METHOD_MATCH = YES;
				"CODE_SIGN_IDENTITY[sdk=iphoneos*]" = "iPhone Developer";
				COPY_PHASE_STRIP = NO;
				DEBUG_INFORMATION_FORMAT = "dwarf-with-dsym";
				ENABLE_STRICT_OBJC_MSGSEND = YES;
				GCC_C_LANGUAGE_STANDARD = gnu99;
				GCC_DYNAMIC_NO_PIC = NO;
				GCC_NO_COMMON_BLOCKS = YES;
				GCC_OPTIMIZATION_LEVEL = 0;
				GCC_PREPROCESSOR_DEFINITIONS = (
					"DEBUG=1",
					"$(inherited)",
				);
				GCC_SYMBOLS_PRIVATE_EXTERN = NO;
				GCC_WARN_64_TO_32_BIT_CONVERSION = YES;
				GCC_WARN_ABOUT_RETURN_TYPE = YES_ERROR;
				GCC_WARN_UNDECLARED_SELECTOR = YES;
				GCC_WARN_UNINITIALIZED_AUTOS = YES_AGGRESSIVE;
				GCC_WARN_UNUSED_FUNCTION = YES;
				GCC_WARN_UNUSED_VARIABLE = YES;
				IPHONEOS_DEPLOYMENT_TARGET = 8.4;
				MTL_ENABLE_DEBUG_INFO = YES;
				ONLY_ACTIVE_ARCH = YES;
				SDKROOT = iphoneos;
				SWIFT_OPTIMIZATION_LEVEL = "-Onone";
				TARGETED_DEVICE_FAMILY = "1,2";
			};
			name = Debug;
		};
		C118A7BF1B64C10900DC8732 /* Release */ = {
			isa = XCBuildConfiguration;
			buildSettings = {
				ALWAYS_SEARCH_USER_PATHS = NO;
				CLANG_CXX_LANGUAGE_STANDARD = "gnu++0x";
				CLANG_CXX_LIBRARY = "libc++";
				CLANG_ENABLE_MODULES = YES;
				CLANG_ENABLE_OBJC_ARC = YES;
				CLANG_WARN_BOOL_CONVERSION = YES;
				CLANG_WARN_CONSTANT_CONVERSION = YES;
				CLANG_WARN_DIRECT_OBJC_ISA_USAGE = YES_ERROR;
				CLANG_WARN_EMPTY_BODY = YES;
				CLANG_WARN_ENUM_CONVERSION = YES;
				CLANG_WARN_INT_CONVERSION = YES;
				CLANG_WARN_OBJC_ROOT_CLASS = YES_ERROR;
				CLANG_WARN_UNREACHABLE_CODE = YES;
				CLANG_WARN__DUPLICATE_METHOD_MATCH = YES;
				"CODE_SIGN_IDENTITY[sdk=iphoneos*]" = "iPhone Developer";
				COPY_PHASE_STRIP = NO;
				DEBUG_INFORMATION_FORMAT = "dwarf-with-dsym";
				ENABLE_NS_ASSERTIONS = NO;
				ENABLE_STRICT_OBJC_MSGSEND = YES;
				GCC_C_LANGUAGE_STANDARD = gnu99;
				GCC_NO_COMMON_BLOCKS = YES;
				GCC_WARN_64_TO_32_BIT_CONVERSION = YES;
				GCC_WARN_ABOUT_RETURN_TYPE = YES_ERROR;
				GCC_WARN_UNDECLARED_SELECTOR = YES;
				GCC_WARN_UNINITIALIZED_AUTOS = YES_AGGRESSIVE;
				GCC_WARN_UNUSED_FUNCTION = YES;
				GCC_WARN_UNUSED_VARIABLE = YES;
				IPHONEOS_DEPLOYMENT_TARGET = 8.4;
				MTL_ENABLE_DEBUG_INFO = NO;
				SDKROOT = iphoneos;
				TARGETED_DEVICE_FAMILY = "1,2";
				VALIDATE_PRODUCT = YES;
			};
			name = Release;
		};
		C118A7C11B64C10900DC8732 /* Debug */ = {
			isa = XCBuildConfiguration;
			buildSettings = {
				ASSETCATALOG_COMPILER_APPICON_NAME = AppIcon;
				CODE_SIGN_ENTITLEMENTS = RockPaperScissors/RockPaperScissors.entitlements;
				CODE_SIGN_IDENTITY = "iPhone Developer";
				"CODE_SIGN_IDENTITY[sdk=iphoneos*]" = "iPhone Developer";
				INFOPLIST_FILE = RockPaperScissors/Info.plist;
				LD_RUNPATH_SEARCH_PATHS = "$(inherited) @executable_path/Frameworks";
				PRODUCT_NAME = "$(TARGET_NAME)";
				PROVISIONING_PROFILE = "";
			};
			name = Debug;
		};
		C118A7C21B64C10900DC8732 /* Release */ = {
			isa = XCBuildConfiguration;
			buildSettings = {
				ASSETCATALOG_COMPILER_APPICON_NAME = AppIcon;
				CODE_SIGN_ENTITLEMENTS = RockPaperScissors/RockPaperScissors.entitlements;
				CODE_SIGN_IDENTITY = "iPhone Developer";
				"CODE_SIGN_IDENTITY[sdk=iphoneos*]" = "iPhone Developer";
				INFOPLIST_FILE = RockPaperScissors/Info.plist;
				LD_RUNPATH_SEARCH_PATHS = "$(inherited) @executable_path/Frameworks";
				PRODUCT_NAME = "$(TARGET_NAME)";
				PROVISIONING_PROFILE = "";
			};
			name = Release;
		};
		C118A7C41B64C10900DC8732 /* Debug */ = {
			isa = XCBuildConfiguration;
			buildSettings = {
				BUNDLE_LOADER = "$(TEST_HOST)";
				FRAMEWORK_SEARCH_PATHS = (
					"$(SDKROOT)/Developer/Library/Frameworks",
					"$(inherited)",
				);
				GCC_PREPROCESSOR_DEFINITIONS = (
					"DEBUG=1",
					"$(inherited)",
				);
				INFOPLIST_FILE = RockPaperScissorsTests/Info.plist;
				LD_RUNPATH_SEARCH_PATHS = "$(inherited) @executable_path/Frameworks @loader_path/Frameworks";
				PRODUCT_NAME = "$(TARGET_NAME)";
				TEST_HOST = "$(BUILT_PRODUCTS_DIR)/RockPaperScissors.app/RockPaperScissors";
			};
			name = Debug;
		};
		C118A7C51B64C10900DC8732 /* Release */ = {
			isa = XCBuildConfiguration;
			buildSettings = {
				BUNDLE_LOADER = "$(TEST_HOST)";
				FRAMEWORK_SEARCH_PATHS = (
					"$(SDKROOT)/Developer/Library/Frameworks",
					"$(inherited)",
				);
				INFOPLIST_FILE = RockPaperScissorsTests/Info.plist;
				LD_RUNPATH_SEARCH_PATHS = "$(inherited) @executable_path/Frameworks @loader_path/Frameworks";
				PRODUCT_NAME = "$(TARGET_NAME)";
				TEST_HOST = "$(BUILT_PRODUCTS_DIR)/RockPaperScissors.app/RockPaperScissors";
			};
			name = Release;
		};
		C118A7E71B64C13500DC8732 /* Debug */ = {
			isa = XCBuildConfiguration;
			buildSettings = {
				ASSETCATALOG_COMPILER_APPICON_NAME = AppIcon;
				CODE_SIGN_IDENTITY = "iPhone Developer";
				GCC_PREPROCESSOR_DEFINITIONS = (
					"DEBUG=1",
					"$(inherited)",
				);
				IBSC_MODULE = RockPaperScissors_WatchKit_Extension;
				INFOPLIST_FILE = "RockPaperScissors WatchKit App/Info.plist";
				IPHONEOS_DEPLOYMENT_TARGET = 8.2;
				PRODUCT_NAME = "$(TARGET_NAME)";
				SKIP_INSTALL = YES;
				TARGETED_DEVICE_FAMILY = 4;
				"TARGETED_DEVICE_FAMILY[sdk=iphonesimulator*]" = "1,4";
			};
			name = Debug;
		};
		C118A7E81B64C13500DC8732 /* Release */ = {
			isa = XCBuildConfiguration;
			buildSettings = {
				ASSETCATALOG_COMPILER_APPICON_NAME = AppIcon;
				CODE_SIGN_IDENTITY = "iPhone Developer";
				IBSC_MODULE = RockPaperScissors_WatchKit_Extension;
				INFOPLIST_FILE = "RockPaperScissors WatchKit App/Info.plist";
				IPHONEOS_DEPLOYMENT_TARGET = 8.2;
				PRODUCT_NAME = "$(TARGET_NAME)";
				SKIP_INSTALL = YES;
				TARGETED_DEVICE_FAMILY = 4;
				"TARGETED_DEVICE_FAMILY[sdk=iphonesimulator*]" = "1,4";
			};
			name = Release;
		};
		C118A7EA1B64C13500DC8732 /* Debug */ = {
			isa = XCBuildConfiguration;
			buildSettings = {
				CODE_SIGN_ENTITLEMENTS = "RockPaperScissors WatchKit Extension/RockPaperScissors WatchKit Extension.entitlements";
				CODE_SIGN_IDENTITY = "iPhone Developer";
				"CODE_SIGN_IDENTITY[sdk=iphoneos*]" = "iPhone Developer";
				GCC_PREPROCESSOR_DEFINITIONS = (
					"DEBUG=1",
					"$(inherited)",
				);
				INFOPLIST_FILE = "RockPaperScissors WatchKit Extension/Info.plist";
				LD_RUNPATH_SEARCH_PATHS = "$(inherited) @executable_path/Frameworks @executable_path/../../Frameworks";
				PRODUCT_NAME = "${TARGET_NAME}";
				PROVISIONING_PROFILE = "";
				SKIP_INSTALL = YES;
			};
			name = Debug;
		};
		C118A7EB1B64C13500DC8732 /* Release */ = {
			isa = XCBuildConfiguration;
			buildSettings = {
				CODE_SIGN_ENTITLEMENTS = "RockPaperScissors WatchKit Extension/RockPaperScissors WatchKit Extension.entitlements";
				CODE_SIGN_IDENTITY = "iPhone Developer";
				"CODE_SIGN_IDENTITY[sdk=iphoneos*]" = "iPhone Developer";
				INFOPLIST_FILE = "RockPaperScissors WatchKit Extension/Info.plist";
				LD_RUNPATH_SEARCH_PATHS = "$(inherited) @executable_path/Frameworks @executable_path/../../Frameworks";
				PRODUCT_NAME = "${TARGET_NAME}";
				PROVISIONING_PROFILE = "";
				SKIP_INSTALL = YES;
			};
			name = Release;
		};
/* End XCBuildConfiguration section */

/* Begin XCConfigurationList section */
		C118A79C1B64C10900DC8732 /* Build configuration list for PBXProject "RockPaperScissors" */ = {
			isa = XCConfigurationList;
			buildConfigurations = (
				C118A7BE1B64C10900DC8732 /* Debug */,
				C118A7BF1B64C10900DC8732 /* Release */,
			);
			defaultConfigurationIsVisible = 0;
			defaultConfigurationName = Release;
		};
		C118A7C01B64C10900DC8732 /* Build configuration list for PBXNativeTarget "RockPaperScissors" */ = {
			isa = XCConfigurationList;
			buildConfigurations = (
				C118A7C11B64C10900DC8732 /* Debug */,
				C118A7C21B64C10900DC8732 /* Release */,
			);
			defaultConfigurationIsVisible = 0;
			defaultConfigurationName = Release;
		};
		C118A7C31B64C10900DC8732 /* Build configuration list for PBXNativeTarget "RockPaperScissorsTests" */ = {
			isa = XCConfigurationList;
			buildConfigurations = (
				C118A7C41B64C10900DC8732 /* Debug */,
				C118A7C51B64C10900DC8732 /* Release */,
			);
			defaultConfigurationIsVisible = 0;
			defaultConfigurationName = Release;
		};
		C118A7E61B64C13500DC8732 /* Build configuration list for PBXNativeTarget "RockPaperScissors WatchKit App" */ = {
			isa = XCConfigurationList;
			buildConfigurations = (
				C118A7E71B64C13500DC8732 /* Debug */,
				C118A7E81B64C13500DC8732 /* Release */,
			);
			defaultConfigurationIsVisible = 0;
			defaultConfigurationName = Release;
		};
		C118A7E91B64C13500DC8732 /* Build configuration list for PBXNativeTarget "RockPaperScissors WatchKit Extension" */ = {
			isa = XCConfigurationList;
			buildConfigurations = (
				C118A7EA1B64C13500DC8732 /* Debug */,
				C118A7EB1B64C13500DC8732 /* Release */,
			);
			defaultConfigurationIsVisible = 0;
			defaultConfigurationName = Release;
		};
/* End XCConfigurationList section */
	};
	rootObject = C118A7991B64C10900DC8732 /* Project object */;
}
